
Microsoft Visual Studio Solution File, Format Version 12.00
# Visual Studio Version 17
VisualStudioVersion = 17.13.35818.85
MinimumVisualStudioVersion = 10.0.40219.1
Project("{FAE04EC0-301F-11D3-BF4B-00C04F79EFBC}") = "BatteryHealth", "BatteryHealth\BatteryHealth.csproj", "{848C2D19-F72D-4D3A-831E-2FB1121DF16A}"
EndProject
Global
	GlobalSection(SolutionConfigurationPlatforms) = preSolution
		Debug|Any CPU = Debug|Any CPU
		Release|Any CPU = Release|Any CPU
	EndGlobalSection
	GlobalSection(ProjectConfigurationPlatforms) = postSolution
		{848C2D19-F72D-4D3A-831E-2FB1121DF16A}.Debug|Any CPU.ActiveCfg = Debug|Any CPU
		{848C2D19-F72D-4D3A-831E-2FB1121DF16A}.Debug|Any CPU.Build.0 = Debug|Any CPU
		{848C2D19-F72D-4D3A-831E-2FB1121DF16A}.Release|Any CPU.ActiveCfg = Release|Any CPU
		{848C2D19-F72D-4D3A-831E-2FB1121DF16A}.Release|Any CPU.Build.0 = Release|Any CPU
	EndGlobalSection
	GlobalSection(SolutionProperties) = preSolution
		HideSolutionNode = FALSE
	EndGlobalSection
	GlobalSection(ExtensibilityGlobals) = postSolution
		SolutionGuid = {7D9E9089-301A-4F36-822E-54DA18747375}
	EndGlobalSection
EndGlobal
